
Microsoft Visual Studio Solution File, Format Version 12.00
# Visual Studio Version 17
VisualStudioVersion = 17.6.33815.320
MinimumVisualStudioVersion = 10.0.40219.1
Project("{FAE04EC0-301F-11D3-BF4B-00C04F79EFBC}") = "ChallengeApp", "ChallengeApp\ChallengeApp.csproj", "{45299D44-5BC2-43B2-9C0D-E4C65A760DB1}"
EndProject
Global
	GlobalSection(SolutionConfigurationPlatforms) = preSolution
		Debug|Any CPU = Debug|Any CPU
		Release|Any CPU = Release|Any CPU
	EndGlobalSection
	GlobalSection(ProjectConfigurationPlatforms) = postSolution
		{45299D44-5BC2-43B2-9C0D-E4C65A760DB1}.Debug|Any CPU.ActiveCfg = Debug|Any CPU
		{45299D44-5BC2-43B2-9C0D-E4C65A760DB1}.Debug|Any CPU.Build.0 = Debug|Any CPU
		{45299D44-5BC2-43B2-9C0D-E4C65A760DB1}.Release|Any CPU.ActiveCfg = Release|Any CPU
		{45299D44-5BC2-43B2-9C0D-E4C65A760DB1}.Release|Any CPU.Build.0 = Release|Any CPU
	EndGlobalSection
	GlobalSection(SolutionProperties) = preSolution
		HideSolutionNode = FALSE
	EndGlobalSection
	GlobalSection(ExtensibilityGlobals) = postSolution
		SolutionGuid = {2C86BD01-B487-444A-9E1F-65625EAB7AC6}
	EndGlobalSection
EndGlobal
